
Microsoft Visual Studio Solution File, Format Version 12.00
# Visual Studio Express 2013 for Web
VisualStudioVersion = 12.0.21005.1
MinimumVisualStudioVersion = 10.0.40219.1
Project("{FAE04EC0-301F-11D3-BF4B-00C04F79EFBC}") = "VideoControllerAndRetrofit", "VideoControllerAndRetrofit\VideoControllerAndRetrofit.csproj", "{47012410-0F08-40A0-B8B5-55FF793A6D51}"
EndProject
Project("{FAE04EC0-301F-11D3-BF4B-00C04F79EFBC}") = "VideoControllerAndRetrofit.Tests", "VideoControllerAndRetrofit.Tests\VideoControllerAndRetrofit.Tests.csproj", "{DC5940FC-94B8-4004-86D4-F5DC3FBBE99E}"
EndProject
Global
	GlobalSection(SolutionConfigurationPlatforms) = preSolution
		Debug|Any CPU = Debug|Any CPU
		Release|Any CPU = Release|Any CPU
	EndGlobalSection
	GlobalSection(ProjectConfigurationPlatforms) = postSolution
		{47012410-0F08-40A0-B8B5-55FF793A6D51}.Debug|Any CPU.ActiveCfg = Debug|Any CPU
		{47012410-0F08-40A0-B8B5-55FF793A6D51}.Debug|Any CPU.Build.0 = Debug|Any CPU
		{47012410-0F08-40A0-B8B5-55FF793A6D51}.Release|Any CPU.ActiveCfg = Release|Any CPU
		{47012410-0F08-40A0-B8B5-55FF793A6D51}.Release|Any CPU.Build.0 = Release|Any CPU
		{DC5940FC-94B8-4004-86D4-F5DC3FBBE99E}.Debug|Any CPU.ActiveCfg = Debug|Any CPU
		{DC5940FC-94B8-4004-86D4-F5DC3FBBE99E}.Debug|Any CPU.Build.0 = Debug|Any CPU
		{DC5940FC-94B8-4004-86D4-F5DC3FBBE99E}.Release|Any CPU.ActiveCfg = Release|Any CPU
		{DC5940FC-94B8-4004-86D4-F5DC3FBBE99E}.Release|Any CPU.Build.0 = Release|Any CPU
	EndGlobalSection
	GlobalSection(SolutionProperties) = preSolution
		HideSolutionNode = FALSE
	EndGlobalSection
EndGlobal
